
Microsoft Visual Studio Solution File, Format Version 12.00
# Visual Studio Version 16
VisualStudioVersion = 16.0.31321.278
MinimumVisualStudioVersion = 10.0.40219.1
Project("{FAE04EC0-301F-11D3-BF4B-00C04F79EFBC}") = "CallBlocker.Android", "CallBlocker\CallBlocker.Android\CallBlocker.Android.csproj", "{558088C1-15DB-4425-9743-5A49C218AC39}"
EndProject
Project("{9A19103F-16F7-4668-BE54-9A1E7A4F7556}") = "CallBlocker", "CallBlocker\CallBlocker\CallBlocker.csproj", "{81EB9AD1-4CD0-4AA1-B3B8-734996FC7E4B}"
EndProject
Global
	GlobalSection(SolutionConfigurationPlatforms) = preSolution
		Debug|Any CPU = Debug|Any CPU
		Release|Any CPU = Release|Any CPU
	EndGlobalSection
	GlobalSection(ProjectConfigurationPlatforms) = postSolution
		{558088C1-15DB-4425-9743-5A49C218AC39}.Debug|Any CPU.ActiveCfg = Debug|Any CPU
		{558088C1-15DB-4425-9743-5A49C218AC39}.Debug|Any CPU.Build.0 = Debug|Any CPU
		{558088C1-15DB-4425-9743-5A49C218AC39}.Debug|Any CPU.Deploy.0 = Debug|Any CPU
		{558088C1-15DB-4425-9743-5A49C218AC39}.Release|Any CPU.ActiveCfg = Release|Any CPU
		{558088C1-15DB-4425-9743-5A49C218AC39}.Release|Any CPU.Build.0 = Release|Any CPU
		{558088C1-15DB-4425-9743-5A49C218AC39}.Release|Any CPU.Deploy.0 = Release|Any CPU
		{81EB9AD1-4CD0-4AA1-B3B8-734996FC7E4B}.Debug|Any CPU.ActiveCfg = Debug|Any CPU
		{81EB9AD1-4CD0-4AA1-B3B8-734996FC7E4B}.Debug|Any CPU.Build.0 = Debug|Any CPU
		{81EB9AD1-4CD0-4AA1-B3B8-734996FC7E4B}.Debug|Any CPU.Deploy.0 = Debug|Any CPU
		{81EB9AD1-4CD0-4AA1-B3B8-734996FC7E4B}.Release|Any CPU.ActiveCfg = Release|Any CPU
		{81EB9AD1-4CD0-4AA1-B3B8-734996FC7E4B}.Release|Any CPU.Build.0 = Release|Any CPU
		{81EB9AD1-4CD0-4AA1-B3B8-734996FC7E4B}.Release|Any CPU.Deploy.0 = Release|Any CPU
	EndGlobalSection
	GlobalSection(SolutionProperties) = preSolution
		HideSolutionNode = FALSE
	EndGlobalSection
	GlobalSection(ExtensibilityGlobals) = postSolution
		SolutionGuid = {976A0A36-0F56-477B-8849-CE6126A5143B}
	EndGlobalSection
EndGlobal
